github.com/cespare/xxhash/v2 v2.1.2 h1:b0Bco5RNuM45U1U/b2gwixS0UeqEYb3f1nA0P1q+z08=
github.com/cespare/xxhash/v2 v2.1.2/go.mod h1:kfvxmB+F+ea8aQ/U6l7C1n6vYYlctDFzAJiI+zTf2fQ=
github.com/dgryski/go-rendezvous v0.0.0-20200823014737-9f7001d12a5f h1:lCSw3JXN5rjssSU7Ikn7+IRzGL7SViZKzI1RwJq6COo=
github.com/dgryski/go-rendezvous v0.0.0-20200823014737-9f7001d12a5f/go.mod h1:Z/ghKXKtP9Ee3R3ahCm8kP74vns+ZgXL0CtDco7bJdU=
github.com/go-redis/redis/v8 v8.11.5 h1:U+HHc7zI5cDxJS/FUIUisrMTWAXZ2MdjMSSRp/BPPcM=
github.com/go-redis/redis/v8 v8.11.5/go.mod h1:X/ppXLUpmpdb4HYR+4sDPl6fw83hEJZz52PzMiLfzYo=
github.com/gorilla/mux v1.8.0 h1:jb9vzwcG/BXkq+sc3x03DpoTDjuB47VLjw7r60v/xos=
github.com/gorilla/mux v1.8.0/go.mod h1:Jyx04mFz9rglfM5/3ILVz+RDaHJeAovEk7Z59er0ws8=
github.com/lib/pq v1.10.9 h1:jtrRtibOsXJdjQ3yC8fGYA1hZ0q2AySOeMxQZfIKZFo=
github.com/lib/pq v1.10.9/go.mod h1:z/61K1Alv7ayb3FZjs5U3sNV3g9QhN3VWUMY0dcFSYM=
